{
    "_readme": [
        "This file locks the dependencies of your project to a known state",
        "Read more about it at https://getcomposer.org/doc/01-basic-usage.md#installing-dependencies",
        "This file is @generated automatically"
    ],
    "content-hash": "b18181104cc117cfc2ea6f63d0ed6bc2",
    "packages": [
        {
            "name": "bruno/cobranca-modulo-interface",
            "version": "1.0.1",
            "source": {
                "type": "git",
                "url": "https://github.com/brunoserrate/CobrancaModuloInterface.git",
                "reference": "4d1b901071d5ff6f2bed93a75afa8b9b02efcf69"
            },
            "dist": {
                "type": "zip",
                "url": "https://api.github.com/repos/brunoserrate/CobrancaModuloInterface/zipball/4d1b901071d5ff6f2bed93a75afa8b9b02efcf69",
                "reference": "4d1b901071d5ff6f2bed93a75afa8b9b02efcf69",
                "shasum": ""
            },
            "type": "library",
            "autoload": {
                "psr-4": {
                    "CobrancaModuloInterface\\": "src/"
                }
            },
            "authors": [
                {
                    "name": "Bruno Serrate",
                    "email": "brunostj@hotmail.com"
                }
            ],
            "description": "Interface do modulo core de cobranca",
            "support": {
                "source": "https://github.com/brunoserrate/CobrancaModuloInterface/tree/v1.0.1",
                "issues": "https://github.com/brunoserrate/CobrancaModuloInterface/issues"
            },
            "time": "2025-03-18T03:27:05+00:00"
        },
        {
            "name": "bruno/cobranca-modulo1",
            "version": "1.1.1",
            "source": {
                "type": "git",
                "url": "https://github.com/brunoserrate/CobrancaModulo1.git",
                "reference": "19ea4a7caae88bdf3d4d162ce802414f091f6bbf"
            },
            "dist": {
                "type": "zip",
                "url": "https://api.github.com/repos/brunoserrate/CobrancaModulo1/zipball/19ea4a7caae88bdf3d4d162ce802414f091f6bbf",
                "reference": "19ea4a7caae88bdf3d4d162ce802414f091f6bbf",
                "shasum": ""
            },
            "require": {
                "bruno/cobranca-modulo-interface": "^1.0"
            },
            "type": "library",
            "autoload": {
                "psr-4": {
                    "Cliente01\\": "src/"
                }
            },
            "authors": [
                {
                    "name": "Bruno Serrate",
                    "email": "brunostj@hotmail.com"
                }
            ],
            "support": {
                "source": "https://github.com/brunoserrate/CobrancaModulo1/tree/v1.1.1",
                "issues": "https://github.com/brunoserrate/CobrancaModulo1/issues"
            },
            "time": "2025-03-18T03:34:01+00:00"
        }
    ],
    "packages-dev": [],
    "aliases": [],
    "minimum-stability": "stable",
    "stability-flags": [],
    "prefer-stable": false,
    "prefer-lowest": false,
    "platform": [],
    "platform-dev": [],
    "plugin-api-version": "2.6.0"
}
